// !$*UTF8*$!
{
	archiveVersion = 1;
	classes = {
	};
	objectVersion = 56;
	objects = {

/* Begin PBXBuildFile section */
		F45858962C5CE33200F17EA6 /* LibraryView.swift in Sources */ = {isa = PBXBuildFile; fileRef = F45858952C5CE33200F17EA6 /* LibraryView.swift */; };
		F45858982C5CE7F600F17EA6 /* FileManager.swift in Sources */ = {isa = PBXBuildFile; fileRef = F45858972C5CE7F600F17EA6 /* FileManager.swift */; };
		F458589A2C5CE8A500F17EA6 /* CustomSegmentedControl.swift in Sources */ = {isa = PBXBuildFile; fileRef = F45858992C5CE8A500F17EA6 /* CustomSegmentedControl.swift */; };
		F458589D2C5CFAE600F17EA6 /* PhotoLibraryManager.swift in Sources */ = {isa = PBXBuildFile; fileRef = F458589C2C5CFAE600F17EA6 /* PhotoLibraryManager.swift */; };
		F458589F2C5CFD1500F17EA6 /* ImagePickerView.swift in Sources */ = {isa = PBXBuildFile; fileRef = F458589E2C5CFD1500F17EA6 /* ImagePickerView.swift */; };
		F45858A32C5D090200F17EA6 /* VideoPickerView.swift in Sources */ = {isa = PBXBuildFile; fileRef = F45858A22C5D090200F17EA6 /* VideoPickerView.swift */; };
		F45858A52C5D0BC700F17EA6 /* CompressVideoView.swift in Sources */ = {isa = PBXBuildFile; fileRef = F45858A42C5D0BC700F17EA6 /* CompressVideoView.swift */; };
		F45858A72C5D0C6F00F17EA6 /* SoundSettingsView.swift in Sources */ = {isa = PBXBuildFile; fileRef = F45858A62C5D0C6F00F17EA6 /* SoundSettingsView.swift */; };
		F45858A92C5E42C400F17EA6 /* View+Extension.swift in Sources */ = {isa = PBXBuildFile; fileRef = F45858A82C5E42C400F17EA6 /* View+Extension.swift */; };
		F45858AB2C5E56EC00F17EA6 /* SheetView.swift in Sources */ = {isa = PBXBuildFile; fileRef = F45858AA2C5E56EC00F17EA6 /* SheetView.swift */; };
		F45858AD2C5E642200F17EA6 /* IdentifiableURL.swift in Sources */ = {isa = PBXBuildFile; fileRef = F45858AC2C5E642100F17EA6 /* IdentifiableURL.swift */; };
		F4658D512C592B41002698A2 /* Volume_Bass_BoosterApp.swift in Sources */ = {isa = PBXBuildFile; fileRef = F4658D502C592B41002698A2 /* Volume_Bass_BoosterApp.swift */; };
		F4658D532C592B41002698A2 /* ContentView.swift in Sources */ = {isa = PBXBuildFile; fileRef = F4658D522C592B41002698A2 /* ContentView.swift */; };
		F4658D552C592B44002698A2 /* Assets.xcassets in Resources */ = {isa = PBXBuildFile; fileRef = F4658D542C592B44002698A2 /* Assets.xcassets */; };
		F4658D582C592B44002698A2 /* Preview Assets.xcassets in Resources */ = {isa = PBXBuildFile; fileRef = F4658D572C592B44002698A2 /* Preview Assets.xcassets */; };
		F4658D612C592BBE002698A2 /* SplashView.swift in Sources */ = {isa = PBXBuildFile; fileRef = F4658D602C592BBE002698A2 /* SplashView.swift */; };
		F4658D632C592BDF002698A2 /* MainView.swift in Sources */ = {isa = PBXBuildFile; fileRef = F4658D622C592BDF002698A2 /* MainView.swift */; };
		F4658D652C592C06002698A2 /* SplashViewModel.swift in Sources */ = {isa = PBXBuildFile; fileRef = F4658D642C592C06002698A2 /* SplashViewModel.swift */; };
		F4658D692C5936D5002698A2 /* Archivo.ttf in Resources */ = {isa = PBXBuildFile; fileRef = F4658D682C5936D4002698A2 /* Archivo.ttf */; };
		F4658D6D2C593F72002698A2 /* SDWebImageSwiftUI in Frameworks */ = {isa = PBXBuildFile; productRef = F4658D6C2C593F72002698A2 /* SDWebImageSwiftUI */; };
		F4658D702C594053002698A2 /* fire.gif in Resources */ = {isa = PBXBuildFile; fileRef = F4658D6F2C594053002698A2 /* fire.gif */; };
		F4658D732C597272002698A2 /* CustomBackgroundView.swift in Sources */ = {isa = PBXBuildFile; fileRef = F4658D722C597272002698A2 /* CustomBackgroundView.swift */; };
		F48F17732C5981B2006A63A3 /* Gallery.swift in Sources */ = {isa = PBXBuildFile; fileRef = F48F17722C5981B2006A63A3 /* Gallery.swift */; };
		F48F17762C598777006A63A3 /* Color+Extension.swift in Sources */ = {isa = PBXBuildFile; fileRef = F48F17752C598777006A63A3 /* Color+Extension.swift */; };
		F48F17782C5A3CD3006A63A3 /* Files.swift in Sources */ = {isa = PBXBuildFile; fileRef = F48F17772C5A3CD3006A63A3 /* Files.swift */; };
		F48F177A2C5A40D0006A63A3 /* ArchivoItalic.ttf in Resources */ = {isa = PBXBuildFile; fileRef = F48F17792C5A40D0006A63A3 /* ArchivoItalic.ttf */; };
		F48F177C2C5A5C69006A63A3 /* Archivo-Italic.ttf in Resources */ = {isa = PBXBuildFile; fileRef = F48F177B2C5A5C69006A63A3 /* Archivo-Italic.ttf */; };
		F497F7CA2C5CD6B200E8E1EF /* Router.swift in Sources */ = {isa = PBXBuildFile; fileRef = F497F7C92C5CD6B200E8E1EF /* Router.swift */; };
		F497F7CC2C5CD92800E8E1EF /* SettingsView.swift in Sources */ = {isa = PBXBuildFile; fileRef = F497F7CB2C5CD92800E8E1EF /* SettingsView.swift */; };
/* End PBXBuildFile section */

/* Begin PBXFileReference section */
		F45858952C5CE33200F17EA6 /* LibraryView.swift */ = {isa = PBXFileReference; lastKnownFileType = sourcecode.swift; path = LibraryView.swift; sourceTree = "<group>"; };
		F45858972C5CE7F600F17EA6 /* FileManager.swift */ = {isa = PBXFileReference; lastKnownFileType = sourcecode.swift; path = FileManager.swift; sourceTree = "<group>"; };
		F45858992C5CE8A500F17EA6 /* CustomSegmentedControl.swift */ = {isa = PBXFileReference; lastKnownFileType = sourcecode.swift; path = CustomSegmentedControl.swift; sourceTree = "<group>"; };
		F458589C2C5CFAE600F17EA6 /* PhotoLibraryManager.swift */ = {isa = PBXFileReference; lastKnownFileType = sourcecode.swift; path = PhotoLibraryManager.swift; sourceTree = "<group>"; };
		F458589E2C5CFD1500F17EA6 /* ImagePickerView.swift */ = {isa = PBXFileReference; lastKnownFileType = sourcecode.swift; path = ImagePickerView.swift; sourceTree = "<group>"; };
		F45858A22C5D090200F17EA6 /* VideoPickerView.swift */ = {isa = PBXFileReference; lastKnownFileType = sourcecode.swift; path = VideoPickerView.swift; sourceTree = "<group>"; };
		F45858A42C5D0BC700F17EA6 /* CompressVideoView.swift */ = {isa = PBXFileReference; lastKnownFileType = sourcecode.swift; path = CompressVideoView.swift; sourceTree = "<group>"; };
		F45858A62C5D0C6F00F17EA6 /* SoundSettingsView.swift */ = {isa = PBXFileReference; lastKnownFileType = sourcecode.swift; path = SoundSettingsView.swift; sourceTree = "<group>"; };
		F45858A82C5E42C400F17EA6 /* View+Extension.swift */ = {isa = PBXFileReference; lastKnownFileType = sourcecode.swift; path = "View+Extension.swift"; sourceTree = "<group>"; };
		F45858AA2C5E56EC00F17EA6 /* SheetView.swift */ = {isa = PBXFileReference; lastKnownFileType = sourcecode.swift; path = SheetView.swift; sourceTree = "<group>"; };
		F45858AC2C5E642100F17EA6 /* IdentifiableURL.swift */ = {isa = PBXFileReference; lastKnownFileType = sourcecode.swift; path = IdentifiableURL.swift; sourceTree = "<group>"; };
		F4658D4D2C592B41002698A2 /* Volume-Bass-Booster.app */ = {isa = PBXFileReference; explicitFileType = wrapper.application; includeInIndex = 0; path = "Volume-Bass-Booster.app"; sourceTree = BUILT_PRODUCTS_DIR; };
		F4658D502C592B41002698A2 /* Volume_Bass_BoosterApp.swift */ = {isa = PBXFileReference; lastKnownFileType = sourcecode.swift; path = Volume_Bass_BoosterApp.swift; sourceTree = "<group>"; };
		F4658D522C592B41002698A2 /* ContentView.swift */ = {isa = PBXFileReference; lastKnownFileType = sourcecode.swift; path = ContentView.swift; sourceTree = "<group>"; };
		F4658D542C592B44002698A2 /* Assets.xcassets */ = {isa = PBXFileReference; lastKnownFileType = folder.assetcatalog; path = Assets.xcassets; sourceTree = "<group>"; };
		F4658D572C592B44002698A2 /* Preview Assets.xcassets */ = {isa = PBXFileReference; lastKnownFileType = folder.assetcatalog; path = "Preview Assets.xcassets"; sourceTree = "<group>"; };
		F4658D602C592BBE002698A2 /* SplashView.swift */ = {isa = PBXFileReference; lastKnownFileType = sourcecode.swift; path = SplashView.swift; sourceTree = "<group>"; };
		F4658D622C592BDF002698A2 /* MainView.swift */ = {isa = PBXFileReference; lastKnownFileType = sourcecode.swift; path = MainView.swift; sourceTree = "<group>"; };
		F4658D642C592C06002698A2 /* SplashViewModel.swift */ = {isa = PBXFileReference; lastKnownFileType = sourcecode.swift; path = SplashViewModel.swift; sourceTree = "<group>"; };
		F4658D682C5936D4002698A2 /* Archivo.ttf */ = {isa = PBXFileReference; lastKnownFileType = file; path = Archivo.ttf; sourceTree = "<group>"; };
		F4658D6F2C594053002698A2 /* fire.gif */ = {isa = PBXFileReference; lastKnownFileType = image.gif; path = fire.gif; sourceTree = "<group>"; };
		F4658D722C597272002698A2 /* CustomBackgroundView.swift */ = {isa = PBXFileReference; lastKnownFileType = sourcecode.swift; path = CustomBackgroundView.swift; sourceTree = "<group>"; };
		F48F17722C5981B2006A63A3 /* Gallery.swift */ = {isa = PBXFileReference; lastKnownFileType = sourcecode.swift; path = Gallery.swift; sourceTree = "<group>"; };
		F48F17752C598777006A63A3 /* Color+Extension.swift */ = {isa = PBXFileReference; lastKnownFileType = sourcecode.swift; path = "Color+Extension.swift"; sourceTree = "<group>"; };
		F48F17772C5A3CD3006A63A3 /* Files.swift */ = {isa = PBXFileReference; lastKnownFileType = sourcecode.swift; path = Files.swift; sourceTree = "<group>"; };
		F48F17792C5A40D0006A63A3 /* ArchivoItalic.ttf */ = {isa = PBXFileReference; lastKnownFileType = file; path = ArchivoItalic.ttf; sourceTree = "<group>"; };
		F48F177B2C5A5C69006A63A3 /* Archivo-Italic.ttf */ = {isa = PBXFileReference; lastKnownFileType = file; path = "Archivo-Italic.ttf"; sourceTree = "<group>"; };
		F497F7C92C5CD6B200E8E1EF /* Router.swift */ = {isa = PBXFileReference; lastKnownFileType = sourcecode.swift; path = Router.swift; sourceTree = "<group>"; };
		F497F7CB2C5CD92800E8E1EF /* SettingsView.swift */ = {isa = PBXFileReference; lastKnownFileType = sourcecode.swift; path = SettingsView.swift; sourceTree = "<group>"; };
/* End PBXFileReference section */

/* Begin PBXFrameworksBuildPhase section */
		F4658D4A2C592B41002698A2 /* Frameworks */ = {
			isa = PBXFrameworksBuildPhase;
			buildActionMask = 2147483647;
			files = (
				F4658D6D2C593F72002698A2 /* SDWebImageSwiftUI in Frameworks */,
			);
			runOnlyForDeploymentPostprocessing = 0;
		};
/* End PBXFrameworksBuildPhase section */

/* Begin PBXGroup section */
		F458589B2C5CF3EC00F17EA6 /* Manager */ = {
			isa = PBXGroup;
			children = (
				F4658D502C592B41002698A2 /* Volume_Bass_BoosterApp.swift */,
				F45858972C5CE7F600F17EA6 /* FileManager.swift */,
				F458589C2C5CFAE600F17EA6 /* PhotoLibraryManager.swift */,
				F45858AC2C5E642100F17EA6 /* IdentifiableURL.swift */,
			);
			path = Manager;
			sourceTree = "<group>";
		};
		F4658D442C592B41002698A2 = {
			isa = PBXGroup;
			children = (
				F4658D4F2C592B41002698A2 /* Volume-Bass-Booster */,
				F4658D4E2C592B41002698A2 /* Products */,
			);
			sourceTree = "<group>";
		};
		F4658D4E2C592B41002698A2 /* Products */ = {
			isa = PBXGroup;
			children = (
				F4658D4D2C592B41002698A2 /* Volume-Bass-Booster.app */,
			);
			name = Products;
			sourceTree = "<group>";
		};
		F4658D4F2C592B41002698A2 /* Volume-Bass-Booster */ = {
			isa = PBXGroup;
			children = (
				F458589B2C5CF3EC00F17EA6 /* Manager */,
				F48F17742C59874D006A63A3 /* Extensions */,
				F4658D712C597240002698A2 /* Components */,
				F4658D5E2C592B81002698A2 /* Views */,
				F4658D5F2C592B8B002698A2 /* ViewModels */,
				F4658D662C593500002698A2 /* Resources */,
				F4658D562C592B44002698A2 /* Preview Content */,
			);
			path = "Volume-Bass-Booster";
			sourceTree = "<group>";
		};
		F4658D562C592B44002698A2 /* Preview Content */ = {
			isa = PBXGroup;
			children = (
				F4658D572C592B44002698A2 /* Preview Assets.xcassets */,
			);
			path = "Preview Content";
			sourceTree = "<group>";
		};
		F4658D5E2C592B81002698A2 /* Views */ = {
			isa = PBXGroup;
			children = (
				F497F7C92C5CD6B200E8E1EF /* Router.swift */,
				F4658D522C592B41002698A2 /* ContentView.swift */,
				F4658D602C592BBE002698A2 /* SplashView.swift */,
				F4658D622C592BDF002698A2 /* MainView.swift */,
				F497F7CB2C5CD92800E8E1EF /* SettingsView.swift */,
				F45858952C5CE33200F17EA6 /* LibraryView.swift */,
				F45858A42C5D0BC700F17EA6 /* CompressVideoView.swift */,
				F45858A62C5D0C6F00F17EA6 /* SoundSettingsView.swift */,
				F45858AA2C5E56EC00F17EA6 /* SheetView.swift */,
			);
			path = Views;
			sourceTree = "<group>";
		};
		F4658D5F2C592B8B002698A2 /* ViewModels */ = {
			isa = PBXGroup;
			children = (
				F4658D642C592C06002698A2 /* SplashViewModel.swift */,
			);
			path = ViewModels;
			sourceTree = "<group>";
		};
		F4658D662C593500002698A2 /* Resources */ = {
			isa = PBXGroup;
			children = (
				F4658D6E2C594028002698A2 /* GIFs */,
				F4658D672C593513002698A2 /* Fonts */,
				F4658D542C592B44002698A2 /* Assets.xcassets */,
			);
			path = Resources;
			sourceTree = "<group>";
		};
		F4658D672C593513002698A2 /* Fonts */ = {
			isa = PBXGroup;
			children = (
				F48F177B2C5A5C69006A63A3 /* Archivo-Italic.ttf */,
				F48F17792C5A40D0006A63A3 /* ArchivoItalic.ttf */,
				F4658D682C5936D4002698A2 /* Archivo.ttf */,
			);
			path = Fonts;
			sourceTree = "<group>";
		};
		F4658D6E2C594028002698A2 /* GIFs */ = {
			isa = PBXGroup;
			children = (
				F4658D6F2C594053002698A2 /* fire.gif */,
			);
			path = GIFs;
			sourceTree = "<group>";
		};
		F4658D712C597240002698A2 /* Components */ = {
			isa = PBXGroup;
			children = (
				F458589E2C5CFD1500F17EA6 /* ImagePickerView.swift */,
				F48F17772C5A3CD3006A63A3 /* Files.swift */,
				F48F17722C5981B2006A63A3 /* Gallery.swift */,
				F4658D722C597272002698A2 /* CustomBackgroundView.swift */,
				F45858992C5CE8A500F17EA6 /* CustomSegmentedControl.swift */,
				F45858A22C5D090200F17EA6 /* VideoPickerView.swift */,
			);
			path = Components;
			sourceTree = "<group>";
		};
		F48F17742C59874D006A63A3 /* Extensions */ = {
			isa = PBXGroup;
			children = (
				F48F17752C598777006A63A3 /* Color+Extension.swift */,
				F45858A82C5E42C400F17EA6 /* View+Extension.swift */,
			);
			path = Extensions;
			sourceTree = "<group>";
		};
/* End PBXGroup section */

/* Begin PBXNativeTarget section */
		F4658D4C2C592B41002698A2 /* Volume-Bass-Booster */ = {
			isa = PBXNativeTarget;
			buildConfigurationList = F4658D5B2C592B44002698A2 /* Build configuration list for PBXNativeTarget "Volume-Bass-Booster" */;
			buildPhases = (
				F4658D492C592B41002698A2 /* Sources */,
				F4658D4A2C592B41002698A2 /* Frameworks */,
				F4658D4B2C592B41002698A2 /* Resources */,
			);
			buildRules = (
			);
			dependencies = (
			);
			name = "Volume-Bass-Booster";
			packageProductDependencies = (
				F4658D6C2C593F72002698A2 /* SDWebImageSwiftUI */,
			);
			productName = "Volume-Bass-Booster";
			productReference = F4658D4D2C592B41002698A2 /* Volume-Bass-Booster.app */;
			productType = "com.apple.product-type.application";
		};
/* End PBXNativeTarget section */

/* Begin PBXProject section */
		F4658D452C592B41002698A2 /* Project object */ = {
			isa = PBXProject;
			attributes = {
				BuildIndependentTargetsInParallel = 1;
				LastSwiftUpdateCheck = 1540;
				LastUpgradeCheck = 1540;
				TargetAttributes = {
					F4658D4C2C592B41002698A2 = {
						CreatedOnToolsVersion = 15.4;
					};
				};
			};
			buildConfigurationList = F4658D482C592B41002698A2 /* Build configuration list for PBXProject "Volume-Bass-Booster" */;
			compatibilityVersion = "Xcode 14.0";
			developmentRegion = en;
			hasScannedForEncodings = 0;
			knownRegions = (
				en,
				Base,
			);
			mainGroup = F4658D442C592B41002698A2;
			packageReferences = (
				F4658D6B2C593F72002698A2 /* XCRemoteSwiftPackageReference "SDWebImageSwiftUI" */,
			);
			productRefGroup = F4658D4E2C592B41002698A2 /* Products */;
			projectDirPath = "";
			projectRoot = "";
			targets = (
				F4658D4C2C592B41002698A2 /* Volume-Bass-Booster */,
			);
		};
/* End PBXProject section */

/* Begin PBXResourcesBuildPhase section */
		F4658D4B2C592B41002698A2 /* Resources */ = {
			isa = PBXResourcesBuildPhase;
			buildActionMask = 2147483647;
			files = (
				F4658D582C592B44002698A2 /* Preview Assets.xcassets in Resources */,
				F4658D692C5936D5002698A2 /* Archivo.ttf in Resources */,
				F4658D702C594053002698A2 /* fire.gif in Resources */,
				F48F177A2C5A40D0006A63A3 /* ArchivoItalic.ttf in Resources */,
				F48F177C2C5A5C69006A63A3 /* Archivo-Italic.ttf in Resources */,
				F4658D552C592B44002698A2 /* Assets.xcassets in Resources */,
			);
			runOnlyForDeploymentPostprocessing = 0;
		};
/* End PBXResourcesBuildPhase section */

/* Begin PBXSourcesBuildPhase section */
		F4658D492C592B41002698A2 /* Sources */ = {
			isa = PBXSourcesBuildPhase;
			buildActionMask = 2147483647;
			files = (
				F45858A32C5D090200F17EA6 /* VideoPickerView.swift in Sources */,
				F4658D652C592C06002698A2 /* SplashViewModel.swift in Sources */,
				F4658D532C592B41002698A2 /* ContentView.swift in Sources */,
				F497F7CA2C5CD6B200E8E1EF /* Router.swift in Sources */,
				F48F17782C5A3CD3006A63A3 /* Files.swift in Sources */,
				F45858962C5CE33200F17EA6 /* LibraryView.swift in Sources */,
				F4658D632C592BDF002698A2 /* MainView.swift in Sources */,
				F45858A72C5D0C6F00F17EA6 /* SoundSettingsView.swift in Sources */,
				F4658D732C597272002698A2 /* CustomBackgroundView.swift in Sources */,
				F458589A2C5CE8A500F17EA6 /* CustomSegmentedControl.swift in Sources */,
				F458589D2C5CFAE600F17EA6 /* PhotoLibraryManager.swift in Sources */,
				F4658D512C592B41002698A2 /* Volume_Bass_BoosterApp.swift in Sources */,
				F45858982C5CE7F600F17EA6 /* FileManager.swift in Sources */,
				F4658D612C592BBE002698A2 /* SplashView.swift in Sources */,
				F45858A52C5D0BC700F17EA6 /* CompressVideoView.swift in Sources */,
				F45858AD2C5E642200F17EA6 /* IdentifiableURL.swift in Sources */,
				F458589F2C5CFD1500F17EA6 /* ImagePickerView.swift in Sources */,
				F45858AB2C5E56EC00F17EA6 /* SheetView.swift in Sources */,
				F48F17732C5981B2006A63A3 /* Gallery.swift in Sources */,
				F48F17762C598777006A63A3 /* Color+Extension.swift in Sources */,
				F45858A92C5E42C400F17EA6 /* View+Extension.swift in Sources */,
				F497F7CC2C5CD92800E8E1EF /* SettingsView.swift in Sources */,
			);
			runOnlyForDeploymentPostprocessing = 0;
		};
/* End PBXSourcesBuildPhase section */

/* Begin XCBuildConfiguration section */
		F4658D592C592B44002698A2 /* Debug */ = {
			isa = XCBuildConfiguration;
			buildSettings = {
				ALWAYS_SEARCH_USER_PATHS = NO;
				ASSETCATALOG_COMPILER_GENERATE_SWIFT_ASSET_SYMBOL_EXTENSIONS = YES;
				CLANG_ANALYZER_NONNULL = YES;
				CLANG_ANALYZER_NUMBER_OBJECT_CONVERSION = YES_AGGRESSIVE;
				CLANG_CXX_LANGUAGE_STANDARD = "gnu++20";
				CLANG_ENABLE_MODULES = YES;
				CLANG_ENABLE_OBJC_ARC = YES;
				CLANG_ENABLE_OBJC_WEAK = YES;
				CLANG_WARN_BLOCK_CAPTURE_AUTORELEASING = YES;
				CLANG_WARN_BOOL_CONVERSION = YES;
				CLANG_WARN_COMMA = YES;
				CLANG_WARN_CONSTANT_CONVERSION = YES;
				CLANG_WARN_DEPRECATED_OBJC_IMPLEMENTATIONS = YES;
				CLANG_WARN_DIRECT_OBJC_ISA_USAGE = YES_ERROR;
				CLANG_WARN_DOCUMENTATION_COMMENTS = YES;
				CLANG_WARN_EMPTY_BODY = YES;
				CLANG_WARN_ENUM_CONVERSION = YES;
				CLANG_WARN_INFINITE_RECURSION = YES;
				CLANG_WARN_INT_CONVERSION = YES;
				CLANG_WARN_NON_LITERAL_NULL_CONVERSION = YES;
				CLANG_WARN_OBJC_IMPLICIT_RETAIN_SELF = YES;
				CLANG_WARN_OBJC_LITERAL_CONVERSION = YES;
				CLANG_WARN_OBJC_ROOT_CLASS = YES_ERROR;
				CLANG_WARN_QUOTED_INCLUDE_IN_FRAMEWORK_HEADER = YES;
				CLANG_WARN_RANGE_LOOP_ANALYSIS = YES;
				CLANG_WARN_STRICT_PROTOTYPES = YES;
				CLANG_WARN_SUSPICIOUS_MOVE = YES;
				CLANG_WARN_UNGUARDED_AVAILABILITY = YES_AGGRESSIVE;
				CLANG_WARN_UNREACHABLE_CODE = YES;
				CLANG_WARN__DUPLICATE_METHOD_MATCH = YES;
				COPY_PHASE_STRIP = NO;
				DEBUG_INFORMATION_FORMAT = dwarf;
				ENABLE_STRICT_OBJC_MSGSEND = YES;
				ENABLE_TESTABILITY = YES;
				ENABLE_USER_SCRIPT_SANDBOXING = YES;
				GCC_C_LANGUAGE_STANDARD = gnu17;
				GCC_DYNAMIC_NO_PIC = NO;
				GCC_NO_COMMON_BLOCKS = YES;
				GCC_OPTIMIZATION_LEVEL = 0;
				GCC_PREPROCESSOR_DEFINITIONS = (
					"DEBUG=1",
					"$(inherited)",
				);
				GCC_WARN_64_TO_32_BIT_CONVERSION = YES;
				GCC_WARN_ABOUT_RETURN_TYPE = YES_ERROR;
				GCC_WARN_UNDECLARED_SELECTOR = YES;
				GCC_WARN_UNINITIALIZED_AUTOS = YES_AGGRESSIVE;
				GCC_WARN_UNUSED_FUNCTION = YES;
				GCC_WARN_UNUSED_VARIABLE = YES;
				IPHONEOS_DEPLOYMENT_TARGET = 17.5;
				LOCALIZATION_PREFERS_STRING_CATALOGS = YES;
				MTL_ENABLE_DEBUG_INFO = INCLUDE_SOURCE;
				MTL_FAST_MATH = YES;
				ONLY_ACTIVE_ARCH = YES;
				SDKROOT = iphoneos;
				SWIFT_ACTIVE_COMPILATION_CONDITIONS = "DEBUG $(inherited)";
				SWIFT_OPTIMIZATION_LEVEL = "-Onone";
			};
			name = Debug;
		};
		F4658D5A2C592B44002698A2 /* Release */ = {
			isa = XCBuildConfiguration;
			buildSettings = {
				ALWAYS_SEARCH_USER_PATHS = NO;
				ASSETCATALOG_COMPILER_GENERATE_SWIFT_ASSET_SYMBOL_EXTENSIONS = YES;
				CLANG_ANALYZER_NONNULL = YES;
				CLANG_ANALYZER_NUMBER_OBJECT_CONVERSION = YES_AGGRESSIVE;
				CLANG_CXX_LANGUAGE_STANDARD = "gnu++20";
				CLANG_ENABLE_MODULES = YES;
				CLANG_ENABLE_OBJC_ARC = YES;
				CLANG_ENABLE_OBJC_WEAK = YES;
				CLANG_WARN_BLOCK_CAPTURE_AUTORELEASING = YES;
				CLANG_WARN_BOOL_CONVERSION = YES;
				CLANG_WARN_COMMA = YES;
				CLANG_WARN_CONSTANT_CONVERSION = YES;
				CLANG_WARN_DEPRECATED_OBJC_IMPLEMENTATIONS = YES;
				CLANG_WARN_DIRECT_OBJC_ISA_USAGE = YES_ERROR;
				CLANG_WARN_DOCUMENTATION_COMMENTS = YES;
				CLANG_WARN_EMPTY_BODY = YES;
				CLANG_WARN_ENUM_CONVERSION = YES;
				CLANG_WARN_INFINITE_RECURSION = YES;
				CLANG_WARN_INT_CONVERSION = YES;
				CLANG_WARN_NON_LITERAL_NULL_CONVERSION = YES;
				CLANG_WARN_OBJC_IMPLICIT_RETAIN_SELF = YES;
				CLANG_WARN_OBJC_LITERAL_CONVERSION = YES;
				CLANG_WARN_OBJC_ROOT_CLASS = YES_ERROR;
				CLANG_WARN_QUOTED_INCLUDE_IN_FRAMEWORK_HEADER = YES;
				CLANG_WARN_RANGE_LOOP_ANALYSIS = YES;
				CLANG_WARN_STRICT_PROTOTYPES = YES;
				CLANG_WARN_SUSPICIOUS_MOVE = YES;
				CLANG_WARN_UNGUARDED_AVAILABILITY = YES_AGGRESSIVE;
				CLANG_WARN_UNREACHABLE_CODE = YES;
				CLANG_WARN__DUPLICATE_METHOD_MATCH = YES;
				COPY_PHASE_STRIP = NO;
				DEBUG_INFORMATION_FORMAT = "dwarf-with-dsym";
				ENABLE_NS_ASSERTIONS = NO;
				ENABLE_STRICT_OBJC_MSGSEND = YES;
				ENABLE_USER_SCRIPT_SANDBOXING = YES;
				GCC_C_LANGUAGE_STANDARD = gnu17;
				GCC_NO_COMMON_BLOCKS = YES;
				GCC_WARN_64_TO_32_BIT_CONVERSION = YES;
				GCC_WARN_ABOUT_RETURN_TYPE = YES_ERROR;
				GCC_WARN_UNDECLARED_SELECTOR = YES;
				GCC_WARN_UNINITIALIZED_AUTOS = YES_AGGRESSIVE;
				GCC_WARN_UNUSED_FUNCTION = YES;
				GCC_WARN_UNUSED_VARIABLE = YES;
				IPHONEOS_DEPLOYMENT_TARGET = 17.5;
				LOCALIZATION_PREFERS_STRING_CATALOGS = YES;
				MTL_ENABLE_DEBUG_INFO = NO;
				MTL_FAST_MATH = YES;
				SDKROOT = iphoneos;
				SWIFT_COMPILATION_MODE = wholemodule;
				VALIDATE_PRODUCT = YES;
			};
			name = Release;
		};
		F4658D5C2C592B44002698A2 /* Debug */ = {
			isa = XCBuildConfiguration;
			buildSettings = {
				ASSETCATALOG_COMPILER_APPICON_NAME = AppIcon;
				ASSETCATALOG_COMPILER_GLOBAL_ACCENT_COLOR_NAME = AccentColor;
				CODE_SIGN_STYLE = Automatic;
				CURRENT_PROJECT_VERSION = 1;
				DEVELOPMENT_ASSET_PATHS = "\"Volume-Bass-Booster/Preview Content\"";
				DEVELOPMENT_TEAM = 94FVSLY3WZ;
				ENABLE_PREVIEWS = YES;
				GENERATE_INFOPLIST_FILE = YES;
				INFOPLIST_FILE = "Volume-Bass-Booster/Info.plist";
				INFOPLIST_KEY_LSApplicationCategoryType = "public.app-category.utilities";
				INFOPLIST_KEY_NSPhotoLibraryUsageDescription = "Allow access to your Photo Library for editing and saving video and auido files.";
				INFOPLIST_KEY_UIApplicationSceneManifest_Generation = YES;
				INFOPLIST_KEY_UIApplicationSupportsIndirectInputEvents = YES;
				INFOPLIST_KEY_UILaunchScreen_Generation = YES;
				INFOPLIST_KEY_UILaunchStoryboardName = "";
				INFOPLIST_KEY_UIStatusBarHidden = NO;
				INFOPLIST_KEY_UIStatusBarStyle = UIStatusBarStyleDarkContent;
				INFOPLIST_KEY_UISupportedInterfaceOrientations = UIInterfaceOrientationPortrait;
				INFOPLIST_KEY_UISupportedInterfaceOrientations_iPad = "UIInterfaceOrientationLandscapeLeft UIInterfaceOrientationLandscapeRight UIInterfaceOrientationPortrait UIInterfaceOrientationPortraitUpsideDown";
				INFOPLIST_KEY_UIUserInterfaceStyle = Dark;
				IPHONEOS_DEPLOYMENT_TARGET = 16.4;
				LD_RUNPATH_SEARCH_PATHS = (
					"$(inherited)",
					"@executable_path/Frameworks",
				);
				MARKETING_VERSION = 1.0;
				PRODUCT_BUNDLE_IDENTIFIER = "by.sanches.Volume-Bass-Booster";
				PRODUCT_NAME = "$(TARGET_NAME)";
				SUPPORTED_PLATFORMS = "iphoneos iphonesimulator";
				SUPPORTS_MACCATALYST = NO;
				SUPPORTS_MAC_DESIGNED_FOR_IPHONE_IPAD = NO;
				SUPPORTS_XR_DESIGNED_FOR_IPHONE_IPAD = NO;
				SWIFT_EMIT_LOC_STRINGS = YES;
				SWIFT_VERSION = 5.0;
				TARGETED_DEVICE_FAMILY = 1;
			};
			name = Debug;
		};
		F4658D5D2C592B44002698A2 /* Release */ = {
			isa = XCBuildConfiguration;
			buildSettings = {
				ASSETCATALOG_COMPILER_APPICON_NAME = AppIcon;
				ASSETCATALOG_COMPILER_GLOBAL_ACCENT_COLOR_NAME = AccentColor;
				CODE_SIGN_STYLE = Automatic;
				CURRENT_PROJECT_VERSION = 1;
				DEVELOPMENT_ASSET_PATHS = "\"Volume-Bass-Booster/Preview Content\"";
				DEVELOPMENT_TEAM = 94FVSLY3WZ;
				ENABLE_PREVIEWS = YES;
				GENERATE_INFOPLIST_FILE = YES;
				INFOPLIST_FILE = "Volume-Bass-Booster/Info.plist";
				INFOPLIST_KEY_LSApplicationCategoryType = "public.app-category.utilities";
				INFOPLIST_KEY_NSPhotoLibraryUsageDescription = "Allow access to your Photo Library for editing and saving video and auido files.";
				INFOPLIST_KEY_UIApplicationSceneManifest_Generation = YES;
				INFOPLIST_KEY_UIApplicationSupportsIndirectInputEvents = YES;
				INFOPLIST_KEY_UILaunchScreen_Generation = YES;
				INFOPLIST_KEY_UILaunchStoryboardName = "";
				INFOPLIST_KEY_UIStatusBarHidden = NO;
				INFOPLIST_KEY_UIStatusBarStyle = UIStatusBarStyleDarkContent;
				INFOPLIST_KEY_UISupportedInterfaceOrientations = UIInterfaceOrientationPortrait;
				INFOPLIST_KEY_UISupportedInterfaceOrientations_iPad = "UIInterfaceOrientationLandscapeLeft UIInterfaceOrientationLandscapeRight UIInterfaceOrientationPortrait UIInterfaceOrientationPortraitUpsideDown";
				INFOPLIST_KEY_UIUserInterfaceStyle = Dark;
				IPHONEOS_DEPLOYMENT_TARGET = 16.4;
				LD_RUNPATH_SEARCH_PATHS = (
					"$(inherited)",
					"@executable_path/Frameworks",
				);
				MARKETING_VERSION = 1.0;
				PRODUCT_BUNDLE_IDENTIFIER = "by.sanches.Volume-Bass-Booster";
				PRODUCT_NAME = "$(TARGET_NAME)";
				SUPPORTED_PLATFORMS = "iphoneos iphonesimulator";
				SUPPORTS_MACCATALYST = NO;
				SUPPORTS_MAC_DESIGNED_FOR_IPHONE_IPAD = NO;
				SUPPORTS_XR_DESIGNED_FOR_IPHONE_IPAD = NO;
				SWIFT_EMIT_LOC_STRINGS = YES;
				SWIFT_VERSION = 5.0;
				TARGETED_DEVICE_FAMILY = 1;
			};
			name = Release;
		};
/* End XCBuildConfiguration section */

/* Begin XCConfigurationList section */
		F4658D482C592B41002698A2 /* Build configuration list for PBXProject "Volume-Bass-Booster" */ = {
			isa = XCConfigurationList;
			buildConfigurations = (
				F4658D592C592B44002698A2 /* Debug */,
				F4658D5A2C592B44002698A2 /* Release */,
			);
			defaultConfigurationIsVisible = 0;
			defaultConfigurationName = Release;
		};
		F4658D5B2C592B44002698A2 /* Build configuration list for PBXNativeTarget "Volume-Bass-Booster" */ = {
			isa = XCConfigurationList;
			buildConfigurations = (
				F4658D5C2C592B44002698A2 /* Debug */,
				F4658D5D2C592B44002698A2 /* Release */,
			);
			defaultConfigurationIsVisible = 0;
			defaultConfigurationName = Release;
		};
/* End XCConfigurationList section */

/* Begin XCRemoteSwiftPackageReference section */
		F4658D6B2C593F72002698A2 /* XCRemoteSwiftPackageReference "SDWebImageSwiftUI" */ = {
			isa = XCRemoteSwiftPackageReference;
			repositoryURL = "https://github.com/SDWebImage/SDWebImageSwiftUI.git";
			requirement = {
				kind = upToNextMajorVersion;
				minimumVersion = 3.1.1;
			};
		};
/* End XCRemoteSwiftPackageReference section */

/* Begin XCSwiftPackageProductDependency section */
		F4658D6C2C593F72002698A2 /* SDWebImageSwiftUI */ = {
			isa = XCSwiftPackageProductDependency;
			package = F4658D6B2C593F72002698A2 /* XCRemoteSwiftPackageReference "SDWebImageSwiftUI" */;
			productName = SDWebImageSwiftUI;
		};
/* End XCSwiftPackageProductDependency section */
	};
	rootObject = F4658D452C592B41002698A2 /* Project object */;
}
